
Microsoft Visual Studio Solution File, Format Version 12.00
# Visual Studio Version 17
VisualStudioVersion = 17.14.36202.13
MinimumVisualStudioVersion = 10.0.40219.1
Project("{2150E333-8FDC-42A3-9474-1A3956D46DE8}") = "Backend", "Backend", "{1AE8ACA6-933B-BF2A-3671-3E2EAC007D16}"
EndProject
Project("{2150E333-8FDC-42A3-9474-1A3956D46DE8}") = "Presentation", "Presentation", "{7792BFCC-0568-27E0-28D5-DEA1EA8B4CE1}"
EndProject
Project("{FAE04EC0-301F-11D3-BF4B-00C04F79EFBC}") = "Library.ConsoleApplication", "Backend\Presentation\Library.ConsoleApplication\Library.ConsoleApplication.csproj", "{08BAC149-D32E-40DC-9755-2B36869B967E}"
EndProject
Project("{2150E333-8FDC-42A3-9474-1A3956D46DE8}") = "Domain", "Domain", "{E207081A-50CB-EAEE-EA3C-82FAA7B89B45}"
EndProject
Project("{FAE04EC0-301F-11D3-BF4B-00C04F79EFBC}") = "Library.Domain", "Backend\Domain\Library.Domain.csproj", "{4BD7261F-2C8F-481A-B3E0-8737DEE5F1C2}"
EndProject
Project("{2150E333-8FDC-42A3-9474-1A3956D46DE8}") = "Application", "Application", "{33FD244D-51BC-CAC7-0C9F-80EE60BF9967}"
EndProject
Project("{FAE04EC0-301F-11D3-BF4B-00C04F79EFBC}") = "Library.Application", "Backend\Application\Library.Application.csproj", "{7EDAF281-18E5-49D9-A9AB-266573B820EB}"
EndProject
Project("{2150E333-8FDC-42A3-9474-1A3956D46DE8}") = "Infrastructure", "Infrastructure", "{8D1106A4-B260-37DC-E636-64C7E8341F7E}"
EndProject
Project("{FAE04EC0-301F-11D3-BF4B-00C04F79EFBC}") = "Library.Infrastructure", "Backend\Infrastructure\Library.Infrastructure.csproj", "{16894631-77C3-4865-BF83-8A0FC1AF12E0}"
EndProject
Project("{FAE04EC0-301F-11D3-BF4B-00C04F79EFBC}") = "Library.WebAPI", "Backend\Presentation\Library.WebAPI\Library.WebAPI.csproj", "{D6309CA2-FF69-4B73-B856-06B4FFF13CE3}"
EndProject
Global
	GlobalSection(SolutionConfigurationPlatforms) = preSolution
		Debug|Any CPU = Debug|Any CPU
		Debug|x64 = Debug|x64
		Debug|x86 = Debug|x86
		Release|Any CPU = Release|Any CPU
		Release|x64 = Release|x64
		Release|x86 = Release|x86
	EndGlobalSection
	GlobalSection(ProjectConfigurationPlatforms) = postSolution
		{08BAC149-D32E-40DC-9755-2B36869B967E}.Debug|Any CPU.ActiveCfg = Debug|Any CPU
		{08BAC149-D32E-40DC-9755-2B36869B967E}.Debug|Any CPU.Build.0 = Debug|Any CPU
		{08BAC149-D32E-40DC-9755-2B36869B967E}.Debug|x64.ActiveCfg = Debug|Any CPU
		{08BAC149-D32E-40DC-9755-2B36869B967E}.Debug|x64.Build.0 = Debug|Any CPU
		{08BAC149-D32E-40DC-9755-2B36869B967E}.Debug|x86.ActiveCfg = Debug|Any CPU
		{08BAC149-D32E-40DC-9755-2B36869B967E}.Debug|x86.Build.0 = Debug|Any CPU
		{08BAC149-D32E-40DC-9755-2B36869B967E}.Release|Any CPU.ActiveCfg = Release|Any CPU
		{08BAC149-D32E-40DC-9755-2B36869B967E}.Release|Any CPU.Build.0 = Release|Any CPU
		{08BAC149-D32E-40DC-9755-2B36869B967E}.Release|x64.ActiveCfg = Release|Any CPU
		{08BAC149-D32E-40DC-9755-2B36869B967E}.Release|x64.Build.0 = Release|Any CPU
		{08BAC149-D32E-40DC-9755-2B36869B967E}.Release|x86.ActiveCfg = Release|Any CPU
		{08BAC149-D32E-40DC-9755-2B36869B967E}.Release|x86.Build.0 = Release|Any CPU
		{4BD7261F-2C8F-481A-B3E0-8737DEE5F1C2}.Debug|Any CPU.ActiveCfg = Debug|Any CPU
		{4BD7261F-2C8F-481A-B3E0-8737DEE5F1C2}.Debug|Any CPU.Build.0 = Debug|Any CPU
		{4BD7261F-2C8F-481A-B3E0-8737DEE5F1C2}.Debug|x64.ActiveCfg = Debug|Any CPU
		{4BD7261F-2C8F-481A-B3E0-8737DEE5F1C2}.Debug|x64.Build.0 = Debug|Any CPU
		{4BD7261F-2C8F-481A-B3E0-8737DEE5F1C2}.Debug|x86.ActiveCfg = Debug|Any CPU
		{4BD7261F-2C8F-481A-B3E0-8737DEE5F1C2}.Debug|x86.Build.0 = Debug|Any CPU
		{4BD7261F-2C8F-481A-B3E0-8737DEE5F1C2}.Release|Any CPU.ActiveCfg = Release|Any CPU
		{4BD7261F-2C8F-481A-B3E0-8737DEE5F1C2}.Release|Any CPU.Build.0 = Release|Any CPU
		{4BD7261F-2C8F-481A-B3E0-8737DEE5F1C2}.Release|x64.ActiveCfg = Release|Any CPU
		{4BD7261F-2C8F-481A-B3E0-8737DEE5F1C2}.Release|x64.Build.0 = Release|Any CPU
		{4BD7261F-2C8F-481A-B3E0-8737DEE5F1C2}.Release|x86.ActiveCfg = Release|Any CPU
		{4BD7261F-2C8F-481A-B3E0-8737DEE5F1C2}.Release|x86.Build.0 = Release|Any CPU
		{7EDAF281-18E5-49D9-A9AB-266573B820EB}.Debug|Any CPU.ActiveCfg = Debug|Any CPU
		{7EDAF281-18E5-49D9-A9AB-266573B820EB}.Debug|Any CPU.Build.0 = Debug|Any CPU
		{7EDAF281-18E5-49D9-A9AB-266573B820EB}.Debug|x64.ActiveCfg = Debug|Any CPU
		{7EDAF281-18E5-49D9-A9AB-266573B820EB}.Debug|x64.Build.0 = Debug|Any CPU
		{7EDAF281-18E5-49D9-A9AB-266573B820EB}.Debug|x86.ActiveCfg = Debug|Any CPU
		{7EDAF281-18E5-49D9-A9AB-266573B820EB}.Debug|x86.Build.0 = Debug|Any CPU
		{7EDAF281-18E5-49D9-A9AB-266573B820EB}.Release|Any CPU.ActiveCfg = Release|Any CPU
		{7EDAF281-18E5-49D9-A9AB-266573B820EB}.Release|Any CPU.Build.0 = Release|Any CPU
		{7EDAF281-18E5-49D9-A9AB-266573B820EB}.Release|x64.ActiveCfg = Release|Any CPU
		{7EDAF281-18E5-49D9-A9AB-266573B820EB}.Release|x64.Build.0 = Release|Any CPU
		{7EDAF281-18E5-49D9-A9AB-266573B820EB}.Release|x86.ActiveCfg = Release|Any CPU
		{7EDAF281-18E5-49D9-A9AB-266573B820EB}.Release|x86.Build.0 = Release|Any CPU
		{16894631-77C3-4865-BF83-8A0FC1AF12E0}.Debug|Any CPU.ActiveCfg = Debug|Any CPU
		{16894631-77C3-4865-BF83-8A0FC1AF12E0}.Debug|Any CPU.Build.0 = Debug|Any CPU
		{16894631-77C3-4865-BF83-8A0FC1AF12E0}.Debug|x64.ActiveCfg = Debug|Any CPU
		{16894631-77C3-4865-BF83-8A0FC1AF12E0}.Debug|x64.Build.0 = Debug|Any CPU
		{16894631-77C3-4865-BF83-8A0FC1AF12E0}.Debug|x86.ActiveCfg = Debug|Any CPU
		{16894631-77C3-4865-BF83-8A0FC1AF12E0}.Debug|x86.Build.0 = Debug|Any CPU
		{16894631-77C3-4865-BF83-8A0FC1AF12E0}.Release|Any CPU.ActiveCfg = Release|Any CPU
		{16894631-77C3-4865-BF83-8A0FC1AF12E0}.Release|Any CPU.Build.0 = Release|Any CPU
		{16894631-77C3-4865-BF83-8A0FC1AF12E0}.Release|x64.ActiveCfg = Release|Any CPU
		{16894631-77C3-4865-BF83-8A0FC1AF12E0}.Release|x64.Build.0 = Release|Any CPU
		{16894631-77C3-4865-BF83-8A0FC1AF12E0}.Release|x86.ActiveCfg = Release|Any CPU
		{16894631-77C3-4865-BF83-8A0FC1AF12E0}.Release|x86.Build.0 = Release|Any CPU
		{D6309CA2-FF69-4B73-B856-06B4FFF13CE3}.Debug|Any CPU.ActiveCfg = Debug|Any CPU
		{D6309CA2-FF69-4B73-B856-06B4FFF13CE3}.Debug|Any CPU.Build.0 = Debug|Any CPU
		{D6309CA2-FF69-4B73-B856-06B4FFF13CE3}.Debug|x64.ActiveCfg = Debug|Any CPU
		{D6309CA2-FF69-4B73-B856-06B4FFF13CE3}.Debug|x64.Build.0 = Debug|Any CPU
		{D6309CA2-FF69-4B73-B856-06B4FFF13CE3}.Debug|x86.ActiveCfg = Debug|Any CPU
		{D6309CA2-FF69-4B73-B856-06B4FFF13CE3}.Debug|x86.Build.0 = Debug|Any CPU
		{D6309CA2-FF69-4B73-B856-06B4FFF13CE3}.Release|Any CPU.ActiveCfg = Release|Any CPU
		{D6309CA2-FF69-4B73-B856-06B4FFF13CE3}.Release|Any CPU.Build.0 = Release|Any CPU
		{D6309CA2-FF69-4B73-B856-06B4FFF13CE3}.Release|x64.ActiveCfg = Release|Any CPU
		{D6309CA2-FF69-4B73-B856-06B4FFF13CE3}.Release|x64.Build.0 = Release|Any CPU
		{D6309CA2-FF69-4B73-B856-06B4FFF13CE3}.Release|x86.ActiveCfg = Release|Any CPU
		{D6309CA2-FF69-4B73-B856-06B4FFF13CE3}.Release|x86.Build.0 = Release|Any CPU
	EndGlobalSection
	GlobalSection(SolutionProperties) = preSolution
		HideSolutionNode = FALSE
	EndGlobalSection
	GlobalSection(NestedProjects) = preSolution
		{7792BFCC-0568-27E0-28D5-DEA1EA8B4CE1} = {1AE8ACA6-933B-BF2A-3671-3E2EAC007D16}
		{08BAC149-D32E-40DC-9755-2B36869B967E} = {7792BFCC-0568-27E0-28D5-DEA1EA8B4CE1}
		{E207081A-50CB-EAEE-EA3C-82FAA7B89B45} = {1AE8ACA6-933B-BF2A-3671-3E2EAC007D16}
		{4BD7261F-2C8F-481A-B3E0-8737DEE5F1C2} = {E207081A-50CB-EAEE-EA3C-82FAA7B89B45}
		{33FD244D-51BC-CAC7-0C9F-80EE60BF9967} = {1AE8ACA6-933B-BF2A-3671-3E2EAC007D16}
		{7EDAF281-18E5-49D9-A9AB-266573B820EB} = {33FD244D-51BC-CAC7-0C9F-80EE60BF9967}
		{8D1106A4-B260-37DC-E636-64C7E8341F7E} = {1AE8ACA6-933B-BF2A-3671-3E2EAC007D16}
		{16894631-77C3-4865-BF83-8A0FC1AF12E0} = {8D1106A4-B260-37DC-E636-64C7E8341F7E}
		{D6309CA2-FF69-4B73-B856-06B4FFF13CE3} = {7792BFCC-0568-27E0-28D5-DEA1EA8B4CE1}
	EndGlobalSection
	GlobalSection(ExtensibilityGlobals) = postSolution
		SolutionGuid = {EE2A33A5-2D5F-415E-A06F-0B12A4603FAF}
	EndGlobalSection
EndGlobal
